# generated by rye
# use `rye lock` or `rye sync` to update this lockfile
#
# last locked with the following flags:
#   pre: false
#   features: []
#   all-features: false
#   with-sources: false
#   generate-hashes: false
#   universal: false

-e file:.
accelerate==1.3.0
    # via nnsight
    # via sae
    # via transformer-lens
aiofiles==24.1.0
    # via sae-auto-interp
aiohappyeyeballs==2.4.4
    # via aiohttp
aiohttp==3.11.11
    # via aiohttp-cors
    # via datasets
    # via fsspec
    # via ray
    # via vllm
aiohttp-cors==0.7.0
    # via ray
aiosignal==1.3.2
    # via aiohttp
    # via ray
airportsdata==20241001
    # via outlines
annotated-types==0.7.0
    # via pydantic
anyio==4.8.0
    # via httpx
    # via openai
    # via starlette
    # via watchfiles
astor==0.8.1
    # via depyf
asttokens==3.0.0
    # via stack-data
async-timeout==5.0.1
    # via aiohttp
attrs==24.3.0
    # via aiohttp
    # via jsonschema
    # via referencing
awscli==1.37.2
    # via mlsae
beartype==0.14.1
    # via transformer-lens
better-abc==0.0.3
    # via transformer-lens
bidict==0.23.1
    # via python-socketio
bitsandbytes==0.45.0
    # via sae-auto-interp
blake3==1.0.2
    # via vllm
blinker==1.9.0
    # via flask
blobfile==3.0.0
    # via sae-auto-interp
boto3==1.36.2
    # via mlsae
botocore==1.36.2
    # via awscli
    # via boto3
    # via s3transfer
cachetools==5.5.0
    # via google-auth
certifi==2024.12.14
    # via httpcore
    # via httpx
    # via requests
    # via sentry-sdk
charset-normalizer==3.4.1
    # via requests
click==8.1.8
    # via flask
    # via ray
    # via uvicorn
    # via wandb
cloudpickle==3.1.1
    # via outlines
    # via vllm
colorama==0.4.6
    # via awscli
colorful==0.5.6
    # via ray
comm==0.2.2
    # via ipykernel
    # via ipywidgets
compressed-tensors==0.8.1
    # via vllm
contourpy==1.3.1
    # via matplotlib
cycler==0.12.1
    # via matplotlib
datasets==3.2.0
    # via mlsae
    # via sae
    # via sae-auto-interp
    # via transformer-lens
debugpy==1.8.12
    # via ipykernel
decorator==5.1.1
    # via ipython
depyf==0.18.0
    # via vllm
diffusers==0.32.2
    # via nnsight
dill==0.3.8
    # via datasets
    # via depyf
    # via multiprocess
diskcache==5.6.3
    # via outlines
distlib==0.3.9
    # via virtualenv
distro==1.9.0
    # via openai
docker-pycreds==0.4.0
    # via wandb
docstring-parser==0.16
    # via simple-parsing
docutils==0.16
    # via awscli
einops==0.8.0
    # via mlsae
    # via nnsight
    # via sae
    # via transformer-lens
    # via vllm
exceptiongroup==1.2.2
    # via anyio
    # via ipython
    # via pytest
executing==2.1.0
    # via stack-data
fancy-einsum==0.0.3
    # via transformer-lens
fastapi==0.115.6
    # via vllm
filelock==3.16.1
    # via blobfile
    # via datasets
    # via diffusers
    # via huggingface-hub
    # via ray
    # via torch
    # via transformers
    # via triton
    # via virtualenv
    # via vllm
fire==0.7.0
    # via sae-auto-interp
flask==3.1.0
    # via sae-auto-interp
fonttools==4.55.4
    # via matplotlib
frozenlist==1.5.0
    # via aiohttp
    # via aiosignal
    # via ray
fsspec==2024.9.0
    # via datasets
    # via huggingface-hub
    # via torch
gguf==0.10.0
    # via vllm
gitdb==4.0.12
    # via gitpython
gitpython==3.1.44
    # via wandb
google-api-core==2.24.0
    # via opencensus
google-auth==2.37.0
    # via google-api-core
googleapis-common-protos==1.66.0
    # via google-api-core
grpcio==1.69.0
    # via ray
h11==0.14.0
    # via httpcore
    # via uvicorn
    # via wsproto
httpcore==1.0.7
    # via httpx
httptools==0.6.4
    # via uvicorn
httpx==0.28.1
    # via openai
huggingface-hub==0.27.1
    # via accelerate
    # via datasets
    # via diffusers
    # via sae
    # via sentence-transformers
    # via tokenizers
    # via transformers
idna==3.10
    # via anyio
    # via httpx
    # via requests
    # via yarl
importlib-metadata==8.5.0
    # via diffusers
    # via vllm
iniconfig==2.0.0
    # via pytest
interegular==0.3.3
    # via lm-format-enforcer
    # via outlines
    # via outlines-core
ipykernel==6.29.5
    # via mlsae
    # via sae-auto-interp
ipython==8.31.0
    # via ipykernel
    # via ipywidgets
ipywidgets==8.1.5
    # via sae-auto-interp
itsdangerous==2.2.0
    # via flask
jaxtyping==0.2.36
    # via transformer-lens
jedi==0.19.2
    # via ipython
jinja2==3.1.5
    # via flask
    # via memray
    # via outlines
    # via torch
jiter==0.8.2
    # via openai
jmespath==1.0.1
    # via boto3
    # via botocore
joblib==1.4.2
    # via scikit-learn
jsonschema==4.23.0
    # via mistral-common
    # via outlines
    # via outlines-core
    # via ray
jsonschema-specifications==2024.10.1
    # via jsonschema
jupyter-client==8.6.3
    # via ipykernel
jupyter-core==5.7.2
    # via ipykernel
    # via jupyter-client
jupyterlab-widgets==3.0.13
    # via ipywidgets
kiwisolver==1.4.8
    # via matplotlib
lark==1.2.2
    # via outlines
    # via vllm
linkify-it-py==2.0.3
    # via markdown-it-py
lm-format-enforcer==0.10.9
    # via vllm
lxml==5.3.0
    # via blobfile
markdown-it-py==3.0.0
    # via mdit-py-plugins
    # via rich
    # via textual
markupsafe==3.0.2
    # via jinja2
    # via werkzeug
matplotlib==3.10.0
    # via mlsae
    # via seaborn
matplotlib-inline==0.1.7
    # via ipykernel
    # via ipython
mdit-py-plugins==0.4.2
    # via markdown-it-py
mdurl==0.1.2
    # via markdown-it-py
memray==1.15.0
    # via ray
mistral-common==1.5.1
    # via vllm
mlsae @ git+https://github.com/armaan-abraham/mlsae@d6974987b0f8e06bdf8658446c960d8aa10f8b62
    # via sae-auto-interp
mpmath==1.3.0
    # via sympy
msgpack==1.1.0
    # via ray
msgspec==0.19.0
    # via vllm
multidict==6.1.0
    # via aiohttp
    # via yarl
multiprocess==0.70.16
    # via datasets
natsort==8.4.0
    # via sae
nest-asyncio==1.6.0
    # via ipykernel
    # via outlines
networkx==3.4.2
    # via torch
nnsight==0.3.7
    # via sae-auto-interp
numpy==1.26.4
    # via accelerate
    # via bitsandbytes
    # via contourpy
    # via datasets
    # via diffusers
    # via gguf
    # via matplotlib
    # via mistral-common
    # via opencv-python-headless
    # via outlines
    # via pandas
    # via scikit-learn
    # via scipy
    # via seaborn
    # via torchvision
    # via transformer-lens
    # via transformers
    # via vllm
    # via xformers
nvidia-cublas-cu12==12.4.5.8
    # via nvidia-cudnn-cu12
    # via nvidia-cusolver-cu12
    # via torch
nvidia-cuda-cupti-cu12==12.4.127
    # via torch
nvidia-cuda-nvrtc-cu12==12.4.127
    # via torch
nvidia-cuda-runtime-cu12==12.4.127
    # via torch
nvidia-cudnn-cu12==9.1.0.70
    # via torch
nvidia-cufft-cu12==11.2.1.3
    # via torch
nvidia-curand-cu12==10.3.5.147
    # via torch
nvidia-cusolver-cu12==11.6.1.9
    # via torch
nvidia-cusparse-cu12==12.3.1.170
    # via nvidia-cusolver-cu12
    # via torch
nvidia-ml-py==12.560.30
    # via vllm
nvidia-nccl-cu12==2.21.5
    # via torch
nvidia-nvjitlink-cu12==12.4.127
    # via nvidia-cusolver-cu12
    # via nvidia-cusparse-cu12
    # via torch
nvidia-nvtx-cu12==12.4.127
    # via torch
openai==1.59.8
    # via vllm
opencensus==0.11.4
    # via ray
opencensus-context==0.1.3
    # via opencensus
opencv-python-headless==4.11.0.86
    # via mistral-common
orjson==3.10.15
    # via sae-auto-interp
outlines==0.1.11
    # via vllm
outlines-core==0.1.26
    # via outlines
packaging==24.2
    # via accelerate
    # via datasets
    # via huggingface-hub
    # via ipykernel
    # via lm-format-enforcer
    # via matplotlib
    # via pytest
    # via ray
    # via transformers
pandas==2.2.3
    # via datasets
    # via mlsae
    # via seaborn
    # via transformer-lens
parso==0.8.4
    # via jedi
partial-json-parser==0.2.1.1.post5
    # via vllm
petname==2.6
    # via mlsae
pexpect==4.9.0
    # via ipython
pillow==10.4.0
    # via diffusers
    # via matplotlib
    # via mistral-common
    # via sentence-transformers
    # via torchvision
    # via vllm
pip==25.0.1
    # via sae-auto-interp
platformdirs==4.3.6
    # via jupyter-core
    # via textual
    # via virtualenv
    # via wandb
pluggy==1.5.0
    # via pytest
prometheus-client==0.21.1
    # via prometheus-fastapi-instrumentator
    # via ray
    # via vllm
prometheus-fastapi-instrumentator==7.0.2
    # via vllm
prompt-toolkit==3.0.48
    # via ipython
propcache==0.2.1
    # via aiohttp
    # via yarl
proto-plus==1.25.0
    # via google-api-core
protobuf==5.29.3
    # via google-api-core
    # via googleapis-common-protos
    # via nnsight
    # via proto-plus
    # via ray
    # via vllm
    # via wandb
psutil==6.1.1
    # via accelerate
    # via ipykernel
    # via vllm
    # via wandb
ptyprocess==0.7.0
    # via pexpect
pure-eval==0.2.3
    # via stack-data
py-cpuinfo==9.0.0
    # via vllm
py-spy==0.4.0
    # via ray
pyarrow==19.0.0
    # via datasets
pyasn1==0.6.1
    # via pyasn1-modules
    # via rsa
pyasn1-modules==0.4.1
    # via google-auth
pybind11==2.13.6
    # via xgrammar
pycountry==24.6.1
    # via outlines
pycryptodomex==3.21.0
    # via blobfile
pydantic==2.10.5
    # via compressed-tensors
    # via fastapi
    # via lm-format-enforcer
    # via mistral-common
    # via nnsight
    # via openai
    # via outlines
    # via ray
    # via vllm
    # via wandb
    # via xgrammar
pydantic-core==2.27.2
    # via pydantic
pygments==2.19.1
    # via ipython
    # via rich
pyparsing==3.2.1
    # via matplotlib
pytest==8.3.4
    # via mlsae
    # via xgrammar
python-dateutil==2.9.0.post0
    # via botocore
    # via jupyter-client
    # via matplotlib
    # via pandas
python-dotenv==1.0.1
    # via uvicorn
python-engineio==4.11.2
    # via python-socketio
python-socketio==5.12.1
    # via nnsight
pytz==2024.2
    # via pandas
pyyaml==6.0.2
    # via accelerate
    # via awscli
    # via datasets
    # via gguf
    # via huggingface-hub
    # via lm-format-enforcer
    # via ray
    # via transformers
    # via uvicorn
    # via vllm
    # via wandb
pyzmq==26.2.0
    # via ipykernel
    # via jupyter-client
    # via vllm
ray==2.40.0
    # via vllm
referencing==0.36.1
    # via jsonschema
    # via jsonschema-specifications
    # via outlines
regex==2024.11.6
    # via diffusers
    # via tiktoken
    # via transformers
requests==2.32.3
    # via datasets
    # via diffusers
    # via google-api-core
    # via huggingface-hub
    # via mistral-common
    # via outlines
    # via python-socketio
    # via ray
    # via tiktoken
    # via transformers
    # via vllm
    # via wandb
rich==13.9.4
    # via memray
    # via textual
    # via transformer-lens
rpds-py==0.22.3
    # via jsonschema
    # via referencing
rsa==4.7.2
    # via awscli
    # via google-auth
s3transfer==0.11.1
    # via awscli
    # via boto3
sae @ git+https://github.com/EleutherAI/sae@4c73890dfe94529037fa5d0f2592124f80f41f56
    # via sae-auto-interp
safetensors==0.5.2
    # via accelerate
    # via diffusers
    # via sae
    # via sae-auto-interp
    # via transformers
scikit-learn==1.6.1
    # via sentence-transformers
scipy==1.15.1
    # via scikit-learn
    # via sentence-transformers
seaborn==0.13.2
    # via mlsae
sentence-transformers==3.3.1
    # via sae-auto-interp
sentencepiece==0.2.0
    # via mistral-common
    # via nnsight
    # via transformer-lens
    # via vllm
    # via xgrammar
sentry-sdk==2.20.0
    # via wandb
setproctitle==1.3.4
    # via wandb
setuptools==75.8.0
    # via wandb
simple-parsing==0.1.6
    # via sae
    # via sae-auto-interp
simple-websocket==1.1.0
    # via python-engineio
six==1.17.0
    # via docker-pycreds
    # via opencensus
    # via python-dateutil
smart-open==7.1.0
    # via ray
smmap==5.0.2
    # via gitdb
sniffio==1.3.1
    # via anyio
    # via openai
stack-data==0.6.3
    # via ipython
starlette==0.41.3
    # via fastapi
    # via prometheus-fastapi-instrumentator
sympy==1.13.1
    # via torch
termcolor==2.5.0
    # via fire
textual==1.0.0
    # via memray
threadpoolctl==3.5.0
    # via scikit-learn
tiktoken==0.7.0
    # via mistral-common
    # via vllm
    # via xgrammar
tokenizers==0.21.0
    # via nnsight
    # via transformers
    # via vllm
tomli==2.2.1
    # via pytest
torch==2.5.1
    # via accelerate
    # via bitsandbytes
    # via compressed-tensors
    # via mlsae
    # via nnsight
    # via outlines
    # via sae
    # via sentence-transformers
    # via torchtyping
    # via torchvision
    # via transformer-lens
    # via vllm
    # via xformers
    # via xgrammar
torchtyping==0.1.5
    # via sae-auto-interp
torchvision==0.20.1
    # via nnsight
    # via vllm
tornado==6.4.2
    # via ipykernel
    # via jupyter-client
tqdm==4.67.1
    # via datasets
    # via gguf
    # via huggingface-hub
    # via mlsae
    # via openai
    # via outlines
    # via sentence-transformers
    # via transformer-lens
    # via transformers
    # via vllm
traitlets==5.14.3
    # via comm
    # via ipykernel
    # via ipython
    # via ipywidgets
    # via jupyter-client
    # via jupyter-core
    # via matplotlib-inline
transformer-lens==2.9.0
    # via mlsae
    # via sae-auto-interp
transformers==4.48.0
    # via compressed-tensors
    # via nnsight
    # via sae
    # via sentence-transformers
    # via transformer-lens
    # via vllm
    # via xgrammar
triton==3.1.0
    # via torch
typeguard==2.13.3
    # via torchtyping
typing-extensions==4.12.2
    # via anyio
    # via bitsandbytes
    # via fastapi
    # via huggingface-hub
    # via ipython
    # via mistral-common
    # via multidict
    # via openai
    # via outlines
    # via pydantic
    # via pydantic-core
    # via referencing
    # via rich
    # via simple-parsing
    # via textual
    # via torch
    # via transformer-lens
    # via uvicorn
    # via vllm
    # via wandb
tzdata==2024.2
    # via pandas
uc-micro-py==1.0.3
    # via linkify-it-py
urllib3==2.3.0
    # via blobfile
    # via botocore
    # via requests
    # via sentry-sdk
uvicorn==0.34.0
    # via vllm
uvloop==0.21.0
    # via uvicorn
virtualenv==20.29.1
    # via ray
vllm==0.6.6.post1
    # via sae-auto-interp
wandb==0.19.4
    # via mlsae
    # via transformer-lens
watchfiles==1.0.4
    # via uvicorn
wcwidth==0.2.13
    # via prompt-toolkit
websocket-client==1.8.0
    # via python-socketio
websockets==14.2
    # via uvicorn
werkzeug==3.1.3
    # via flask
widgetsnbextension==4.0.13
    # via ipywidgets
wrapt==1.17.2
    # via smart-open
wsproto==1.2.0
    # via simple-websocket
xformers==0.0.28.post3
    # via vllm
xgrammar==0.1.10
    # via vllm
xxhash==3.5.0
    # via datasets
yarl==1.18.3
    # via aiohttp
zipp==3.21.0
    # via importlib-metadata
